
Microsoft Visual Studio Solution File, Format Version 12.00
# Visual Studio Version 17
VisualStudioVersion = 17.4.33213.308
MinimumVisualStudioVersion = 10.0.40219.1
Project("{FAE04EC0-301F-11D3-BF4B-00C04F79EFBC}") = "PersonnelTracking", "PersonnelTracking\PersonnelTracking.csproj", "{15234711-9D31-461D-9281-EF20F85C8E54}"
EndProject
Project("{FAE04EC0-301F-11D3-BF4B-00C04F79EFBC}") = "BLL", "BLL\BLL.csproj", "{4B048DC7-68FB-46D9-888C-EB5A905F5504}"
EndProject
Project("{FAE04EC0-301F-11D3-BF4B-00C04F79EFBC}") = "DAL", "DAL\DAL.csproj", "{C9A13569-87D0-4EFC-B8AD-D67060F4C32F}"
EndProject
Global
	GlobalSection(SolutionConfigurationPlatforms) = preSolution
		Debug|Any CPU = Debug|Any CPU
		Release|Any CPU = Release|Any CPU
	EndGlobalSection
	GlobalSection(ProjectConfigurationPlatforms) = postSolution
		{15234711-9D31-461D-9281-EF20F85C8E54}.Debug|Any CPU.ActiveCfg = Debug|Any CPU
		{15234711-9D31-461D-9281-EF20F85C8E54}.Debug|Any CPU.Build.0 = Debug|Any CPU
		{15234711-9D31-461D-9281-EF20F85C8E54}.Release|Any CPU.ActiveCfg = Release|Any CPU
		{15234711-9D31-461D-9281-EF20F85C8E54}.Release|Any CPU.Build.0 = Release|Any CPU
		{4B048DC7-68FB-46D9-888C-EB5A905F5504}.Debug|Any CPU.ActiveCfg = Debug|Any CPU
		{4B048DC7-68FB-46D9-888C-EB5A905F5504}.Debug|Any CPU.Build.0 = Debug|Any CPU
		{4B048DC7-68FB-46D9-888C-EB5A905F5504}.Release|Any CPU.ActiveCfg = Release|Any CPU
		{4B048DC7-68FB-46D9-888C-EB5A905F5504}.Release|Any CPU.Build.0 = Release|Any CPU
		{C9A13569-87D0-4EFC-B8AD-D67060F4C32F}.Debug|Any CPU.ActiveCfg = Debug|Any CPU
		{C9A13569-87D0-4EFC-B8AD-D67060F4C32F}.Debug|Any CPU.Build.0 = Debug|Any CPU
		{C9A13569-87D0-4EFC-B8AD-D67060F4C32F}.Release|Any CPU.ActiveCfg = Release|Any CPU
		{C9A13569-87D0-4EFC-B8AD-D67060F4C32F}.Release|Any CPU.Build.0 = Release|Any CPU
	EndGlobalSection
	GlobalSection(SolutionProperties) = preSolution
		HideSolutionNode = FALSE
	EndGlobalSection
	GlobalSection(ExtensibilityGlobals) = postSolution
		SolutionGuid = {CB5C8A97-F819-4434-918E-269BBE39BD1D}
	EndGlobalSection
EndGlobal
